
Microsoft Visual Studio Solution File, Format Version 12.00
# Visual Studio Version 17
VisualStudioVersion = 17.6.33712.159
MinimumVisualStudioVersion = 10.0.40219.1
Project("{FAE04EC0-301F-11D3-BF4B-00C04F79EFBC}") = "truyvanlinq", "truyvanlinq\truyvanlinq.csproj", "{54AC2439-3C67-4D0C-930B-99440865B5C9}"
EndProject
Global
	GlobalSection(SolutionConfigurationPlatforms) = preSolution
		Debug|Any CPU = Debug|Any CPU
		Release|Any CPU = Release|Any CPU
	EndGlobalSection
	GlobalSection(ProjectConfigurationPlatforms) = postSolution
		{54AC2439-3C67-4D0C-930B-99440865B5C9}.Debug|Any CPU.ActiveCfg = Debug|Any CPU
		{54AC2439-3C67-4D0C-930B-99440865B5C9}.Debug|Any CPU.Build.0 = Debug|Any CPU
		{54AC2439-3C67-4D0C-930B-99440865B5C9}.Release|Any CPU.ActiveCfg = Release|Any CPU
		{54AC2439-3C67-4D0C-930B-99440865B5C9}.Release|Any CPU.Build.0 = Release|Any CPU
	EndGlobalSection
	GlobalSection(SolutionProperties) = preSolution
		HideSolutionNode = FALSE
	EndGlobalSection
	GlobalSection(ExtensibilityGlobals) = postSolution
		SolutionGuid = {959DDF48-C29B-468C-AA10-B3204A581AC0}
	EndGlobalSection
EndGlobal
